
Microsoft Visual Studio Solution File, Format Version 12.00
# Visual Studio Version 16
VisualStudioVersion = 16.0.32106.194
MinimumVisualStudioVersion = 10.0.40219.1
Project("{FAE04EC0-301F-11D3-BF4B-00C04F79EFBC}") = "hz", "hz\hz.csproj", "{FF09D3E6-6309-4AA3-90E5-A1E16E8408A0}"
EndProject
Global
	GlobalSection(SolutionConfigurationPlatforms) = preSolution
		Debug|Any CPU = Debug|Any CPU
		Release|Any CPU = Release|Any CPU
	EndGlobalSection
	GlobalSection(ProjectConfigurationPlatforms) = postSolution
		{FF09D3E6-6309-4AA3-90E5-A1E16E8408A0}.Debug|Any CPU.ActiveCfg = Debug|Any CPU
		{FF09D3E6-6309-4AA3-90E5-A1E16E8408A0}.Debug|Any CPU.Build.0 = Debug|Any CPU
		{FF09D3E6-6309-4AA3-90E5-A1E16E8408A0}.Release|Any CPU.ActiveCfg = Release|Any CPU
		{FF09D3E6-6309-4AA3-90E5-A1E16E8408A0}.Release|Any CPU.Build.0 = Release|Any CPU
	EndGlobalSection
	GlobalSection(SolutionProperties) = preSolution
		HideSolutionNode = FALSE
	EndGlobalSection
	GlobalSection(ExtensibilityGlobals) = postSolution
		SolutionGuid = {C0AF2150-8946-4683-BAAC-1FF53A655CC7}
	EndGlobalSection
EndGlobal
